// !$*UTF8*$!
{
	archiveVersion = 1;
	classes = {
	};
	objectVersion = 56;
	objects = {

/* Begin PBXBuildFile section */
		2A72FA4429C0BB33001172D4 /* PersistenceService.swift in Sources */ = {isa = PBXBuildFile; fileRef = 2A72FA4329C0BB33001172D4 /* PersistenceService.swift */; };
		2A97B22229C97BED00F0FC95 /* FileService.swift in Sources */ = {isa = PBXBuildFile; fileRef = 2A97B22129C97BED00F0FC95 /* FileService.swift */; };
		2AA6ACD529ADC609002BB019 /* CALayer + Ex.swift in Sources */ = {isa = PBXBuildFile; fileRef = 2AA6ACD429ADC609002BB019 /* CALayer + Ex.swift */; };
		2AA6ACD729ADCA0D002BB019 /* TCProfileImagePresenter.swift in Sources */ = {isa = PBXBuildFile; fileRef = 2AA6ACD629ADCA0D002BB019 /* TCProfileImagePresenter.swift */; };
		2AA8523929C460050017BC9C /* TCProfileEditor.swift in Sources */ = {isa = PBXBuildFile; fileRef = 2AA8523829C460050017BC9C /* TCProfileEditor.swift */; };
		2AA8523B29C4B3470017BC9C /* GCDService.swift in Sources */ = {isa = PBXBuildFile; fileRef = 2AA8523A29C4B3470017BC9C /* GCDService.swift */; };
		2AA8523D29C4B3520017BC9C /* OperationService.swift in Sources */ = {isa = PBXBuildFile; fileRef = 2AA8523C29C4B3520017BC9C /* OperationService.swift */; };
		2AA9B09E29B1E90500311B3F /* NetworkService.swift in Sources */ = {isa = PBXBuildFile; fileRef = 2AA9B09D29B1E90500311B3F /* NetworkService.swift */; };
		2AA9B0A129B1ED1800311B3F /* ConversationCellModel.swift in Sources */ = {isa = PBXBuildFile; fileRef = 2AA9B0A029B1ED1800311B3F /* ConversationCellModel.swift */; };
		2AA9B0A429B2041C00311B3F /* ConversationTVCell.swift in Sources */ = {isa = PBXBuildFile; fileRef = 2AA9B0A329B2041C00311B3F /* ConversationTVCell.swift */; };
		2AA9B0A829B4A37800311B3F /* ConversationTVHeader.swift in Sources */ = {isa = PBXBuildFile; fileRef = 2AA9B0A729B4A37800311B3F /* ConversationTVHeader.swift */; };
		2AA9B0AD29B4D76700311B3F /* ConversationVC.swift in Sources */ = {isa = PBXBuildFile; fileRef = 2AA9B0AC29B4D76700311B3F /* ConversationVC.swift */; };
		2AA9B0AF29B4DDA900311B3F /* ConversationPresenter.swift in Sources */ = {isa = PBXBuildFile; fileRef = 2AA9B0AE29B4DDA900311B3F /* ConversationPresenter.swift */; };
		2AA9B0B529B520FF00311B3F /* TCChatNavigationBar.swift in Sources */ = {isa = PBXBuildFile; fileRef = 2AA9B0B429B520FF00311B3F /* TCChatNavigationBar.swift */; };
		2AA9B0B729B5D65500311B3F /* Reusable.swift in Sources */ = {isa = PBXBuildFile; fileRef = 2AA9B0B629B5D65500311B3F /* Reusable.swift */; };
		2AA9B0B929B6067800311B3F /* Conversation.swift in Sources */ = {isa = PBXBuildFile; fileRef = 2AA9B0B829B6067800311B3F /* Conversation.swift */; };
		2AA9B0BC29B62A5200311B3F /* TCMessageTextView.swift in Sources */ = {isa = PBXBuildFile; fileRef = 2AA9B0BB29B62A5200311B3F /* TCMessageTextView.swift */; };
		2AA9B0BF29B62D8100311B3F /* TCSendButton.swift in Sources */ = {isa = PBXBuildFile; fileRef = 2AA9B0BE29B62D8100311B3F /* TCSendButton.swift */; };
		2AA9B0C129B7383F00311B3F /* MessageCellModel.swift in Sources */ = {isa = PBXBuildFile; fileRef = 2AA9B0C029B7383F00311B3F /* MessageCellModel.swift */; };
		2AA9B0C329B741BF00311B3F /* User.swift in Sources */ = {isa = PBXBuildFile; fileRef = 2AA9B0C229B741BF00311B3F /* User.swift */; };
		2AA9B0C529B75DCB00311B3F /* Date + Ex.swift in Sources */ = {isa = PBXBuildFile; fileRef = 2AA9B0C429B75DCB00311B3F /* Date + Ex.swift */; };
		2AA9B0C729B75F1E00311B3F /* String + Ex.swift in Sources */ = {isa = PBXBuildFile; fileRef = 2AA9B0C629B75F1E00311B3F /* String + Ex.swift */; };
		2AA9B0C929B7747C00311B3F /* MessageCVCell.swift in Sources */ = {isa = PBXBuildFile; fileRef = 2AA9B0C829B7747C00311B3F /* MessageCVCell.swift */; };
		2AA9B0CB29B7BF5A00311B3F /* DateCVHeader.swift in Sources */ = {isa = PBXBuildFile; fileRef = 2AA9B0CA29B7BF5A00311B3F /* DateCVHeader.swift */; };
		2AB4C7FF29C352170067BAF5 /* UILabelBuilder.swift in Sources */ = {isa = PBXBuildFile; fileRef = 2AB4C7FE29C352170067BAF5 /* UILabelBuilder.swift */; };
		2ABEC56229A4A1C10046CB38 /* AppDelegate.swift in Sources */ = {isa = PBXBuildFile; fileRef = 2ABEC56129A4A1C10046CB38 /* AppDelegate.swift */; };
		2ABEC56629A4A1C10046CB38 /* ConversationsListVC.swift in Sources */ = {isa = PBXBuildFile; fileRef = 2ABEC56529A4A1C10046CB38 /* ConversationsListVC.swift */; };
		2ABEC56B29A4A1C50046CB38 /* Assets.xcassets in Resources */ = {isa = PBXBuildFile; fileRef = 2ABEC56A29A4A1C50046CB38 /* Assets.xcassets */; };
		2ABEC56E29A4A1C50046CB38 /* LaunchScreen.storyboard in Resources */ = {isa = PBXBuildFile; fileRef = 2ABEC56C29A4A1C50046CB38 /* LaunchScreen.storyboard */; };
		2ABEC57A29A4A27F0046CB38 /* Coordinator.swift in Sources */ = {isa = PBXBuildFile; fileRef = 2ABEC57929A4A27F0046CB38 /* Coordinator.swift */; };
		2ABEC57C29A4A2A70046CB38 /* AppCoordinator.swift in Sources */ = {isa = PBXBuildFile; fileRef = 2ABEC57B29A4A2A70046CB38 /* AppCoordinator.swift */; };
		2ABEC58029A4B5EF0046CB38 /* ProfileVC.swift in Sources */ = {isa = PBXBuildFile; fileRef = 2ABEC57F29A4B5EF0046CB38 /* ProfileVC.swift */; };
		2ADBF9C829D56968005BD628 /* _FileService.swift in Sources */ = {isa = PBXBuildFile; fileRef = 2ADBF9C729D56968005BD628 /* _FileService.swift */; };
		2ADBF9CA29D5D4A5005BD628 /* NewFileService.swift in Sources */ = {isa = PBXBuildFile; fileRef = 2ADBF9C929D5D4A5005BD628 /* NewFileService.swift */; };
		2AE04CB129AC9DC000DBB90E /* Project.swift in Sources */ = {isa = PBXBuildFile; fileRef = 2AE04CB029AC9DC000DBB90E /* Project.swift */; };
		2AE04CB329AC9EDC00DBB90E /* ProfileCoordinator.swift in Sources */ = {isa = PBXBuildFile; fileRef = 2AE04CB229AC9EDC00DBB90E /* ProfileCoordinator.swift */; };
		2AEB6DEA29BA5FBB004D0A3D /* ThemeVC.swift in Sources */ = {isa = PBXBuildFile; fileRef = 2AEB6DE929BA5FBB004D0A3D /* ThemeVC.swift */; };
		2AEB6DEC29BA5FC6004D0A3D /* ThemePresenter.swift in Sources */ = {isa = PBXBuildFile; fileRef = 2AEB6DEB29BA5FC6004D0A3D /* ThemePresenter.swift */; };
		2AEB6DF129BA60CF004D0A3D /* Presenter.swift in Sources */ = {isa = PBXBuildFile; fileRef = 2AEB6DF029BA60CF004D0A3D /* Presenter.swift */; };
		2AEB6DF429BB9831004D0A3D /* TCThemeView.swift in Sources */ = {isa = PBXBuildFile; fileRef = 2AEB6DF329BB9831004D0A3D /* TCThemeView.swift */; };
		2AEC10DD29ACBE91000EF08D /* TCProfileImageView.swift in Sources */ = {isa = PBXBuildFile; fileRef = 2AEC10DC29ACBE91000EF08D /* TCProfileImageView.swift */; };
		2AEC10DF29ACCF8C000EF08D /* ConversationsListPresenter.swift in Sources */ = {isa = PBXBuildFile; fileRef = 2AEC10DE29ACCF8C000EF08D /* ConversationsListPresenter.swift */; };
		2AEC10E229ACD94C000EF08D /* UILabel + Ex.swift in Sources */ = {isa = PBXBuildFile; fileRef = 2AEC10E129ACD94C000EF08D /* UILabel + Ex.swift */; };
		2AEC10E429ACDFA6000EF08D /* UIButton + Ex.swift in Sources */ = {isa = PBXBuildFile; fileRef = 2AEC10E329ACDFA6000EF08D /* UIButton + Ex.swift */; };
		2AEC10E629ACE1C1000EF08D /* ProfilePresenter.swift in Sources */ = {isa = PBXBuildFile; fileRef = 2AEC10E529ACE1C1000EF08D /* ProfilePresenter.swift */; };
		2AEC10EA29ACEAE9000EF08D /* TCImagePicker.swift in Sources */ = {isa = PBXBuildFile; fileRef = 2AEC10E929ACEAE9000EF08D /* TCImagePicker.swift */; };
/* End PBXBuildFile section */

/* Begin PBXFileReference section */
		2A72FA4329C0BB33001172D4 /* PersistenceService.swift */ = {isa = PBXFileReference; lastKnownFileType = sourcecode.swift; path = PersistenceService.swift; sourceTree = "<group>"; };
		2A97B22129C97BED00F0FC95 /* FileService.swift */ = {isa = PBXFileReference; lastKnownFileType = sourcecode.swift; path = FileService.swift; sourceTree = "<group>"; };
		2AA6ACD429ADC609002BB019 /* CALayer + Ex.swift */ = {isa = PBXFileReference; lastKnownFileType = sourcecode.swift; path = "CALayer + Ex.swift"; sourceTree = "<group>"; };
		2AA6ACD629ADCA0D002BB019 /* TCProfileImagePresenter.swift */ = {isa = PBXFileReference; lastKnownFileType = sourcecode.swift; path = TCProfileImagePresenter.swift; sourceTree = "<group>"; };
		2AA8523829C460050017BC9C /* TCProfileEditor.swift */ = {isa = PBXFileReference; lastKnownFileType = sourcecode.swift; path = TCProfileEditor.swift; sourceTree = "<group>"; };
		2AA8523A29C4B3470017BC9C /* GCDService.swift */ = {isa = PBXFileReference; lastKnownFileType = sourcecode.swift; path = GCDService.swift; sourceTree = "<group>"; };
		2AA8523C29C4B3520017BC9C /* OperationService.swift */ = {isa = PBXFileReference; lastKnownFileType = sourcecode.swift; path = OperationService.swift; sourceTree = "<group>"; };
		2AA9B09D29B1E90500311B3F /* NetworkService.swift */ = {isa = PBXFileReference; lastKnownFileType = sourcecode.swift; path = NetworkService.swift; sourceTree = "<group>"; };
		2AA9B0A029B1ED1800311B3F /* ConversationCellModel.swift */ = {isa = PBXFileReference; lastKnownFileType = sourcecode.swift; path = ConversationCellModel.swift; sourceTree = "<group>"; };
		2AA9B0A329B2041C00311B3F /* ConversationTVCell.swift */ = {isa = PBXFileReference; lastKnownFileType = sourcecode.swift; path = ConversationTVCell.swift; sourceTree = "<group>"; };
		2AA9B0A729B4A37800311B3F /* ConversationTVHeader.swift */ = {isa = PBXFileReference; lastKnownFileType = sourcecode.swift; path = ConversationTVHeader.swift; sourceTree = "<group>"; };
		2AA9B0AC29B4D76700311B3F /* ConversationVC.swift */ = {isa = PBXFileReference; lastKnownFileType = sourcecode.swift; path = ConversationVC.swift; sourceTree = "<group>"; };
		2AA9B0AE29B4DDA900311B3F /* ConversationPresenter.swift */ = {isa = PBXFileReference; lastKnownFileType = sourcecode.swift; path = ConversationPresenter.swift; sourceTree = "<group>"; };
		2AA9B0B429B520FF00311B3F /* TCChatNavigationBar.swift */ = {isa = PBXFileReference; lastKnownFileType = sourcecode.swift; path = TCChatNavigationBar.swift; sourceTree = "<group>"; };
		2AA9B0B629B5D65500311B3F /* Reusable.swift */ = {isa = PBXFileReference; lastKnownFileType = sourcecode.swift; path = Reusable.swift; sourceTree = "<group>"; };
		2AA9B0B829B6067800311B3F /* Conversation.swift */ = {isa = PBXFileReference; lastKnownFileType = sourcecode.swift; path = Conversation.swift; sourceTree = "<group>"; };
		2AA9B0BB29B62A5200311B3F /* TCMessageTextView.swift */ = {isa = PBXFileReference; lastKnownFileType = sourcecode.swift; path = TCMessageTextView.swift; sourceTree = "<group>"; };
		2AA9B0BE29B62D8100311B3F /* TCSendButton.swift */ = {isa = PBXFileReference; lastKnownFileType = sourcecode.swift; path = TCSendButton.swift; sourceTree = "<group>"; };
		2AA9B0C029B7383F00311B3F /* MessageCellModel.swift */ = {isa = PBXFileReference; lastKnownFileType = sourcecode.swift; path = MessageCellModel.swift; sourceTree = "<group>"; };
		2AA9B0C229B741BF00311B3F /* User.swift */ = {isa = PBXFileReference; lastKnownFileType = sourcecode.swift; path = User.swift; sourceTree = "<group>"; };
		2AA9B0C429B75DCB00311B3F /* Date + Ex.swift */ = {isa = PBXFileReference; lastKnownFileType = sourcecode.swift; path = "Date + Ex.swift"; sourceTree = "<group>"; };
		2AA9B0C629B75F1E00311B3F /* String + Ex.swift */ = {isa = PBXFileReference; lastKnownFileType = sourcecode.swift; path = "String + Ex.swift"; sourceTree = "<group>"; };
		2AA9B0C829B7747C00311B3F /* MessageCVCell.swift */ = {isa = PBXFileReference; lastKnownFileType = sourcecode.swift; path = MessageCVCell.swift; sourceTree = "<group>"; };
		2AA9B0CA29B7BF5A00311B3F /* DateCVHeader.swift */ = {isa = PBXFileReference; lastKnownFileType = sourcecode.swift; path = DateCVHeader.swift; sourceTree = "<group>"; };
		2AB4C7FE29C352170067BAF5 /* UILabelBuilder.swift */ = {isa = PBXFileReference; lastKnownFileType = sourcecode.swift; path = UILabelBuilder.swift; sourceTree = "<group>"; };
		2ABEC55E29A4A1C10046CB38 /* ChatApp.app */ = {isa = PBXFileReference; explicitFileType = wrapper.application; includeInIndex = 0; path = ChatApp.app; sourceTree = BUILT_PRODUCTS_DIR; };
		2ABEC56129A4A1C10046CB38 /* AppDelegate.swift */ = {isa = PBXFileReference; lastKnownFileType = sourcecode.swift; path = AppDelegate.swift; sourceTree = "<group>"; };
		2ABEC56529A4A1C10046CB38 /* ConversationsListVC.swift */ = {isa = PBXFileReference; lastKnownFileType = sourcecode.swift; path = ConversationsListVC.swift; sourceTree = "<group>"; };
		2ABEC56A29A4A1C50046CB38 /* Assets.xcassets */ = {isa = PBXFileReference; lastKnownFileType = folder.assetcatalog; path = Assets.xcassets; sourceTree = "<group>"; };
		2ABEC56D29A4A1C50046CB38 /* Base */ = {isa = PBXFileReference; lastKnownFileType = file.storyboard; name = Base; path = Base.lproj/LaunchScreen.storyboard; sourceTree = "<group>"; };
		2ABEC56F29A4A1C50046CB38 /* Info.plist */ = {isa = PBXFileReference; lastKnownFileType = text.plist.xml; path = Info.plist; sourceTree = "<group>"; };
		2ABEC57929A4A27F0046CB38 /* Coordinator.swift */ = {isa = PBXFileReference; lastKnownFileType = sourcecode.swift; path = Coordinator.swift; sourceTree = "<group>"; };
		2ABEC57B29A4A2A70046CB38 /* AppCoordinator.swift */ = {isa = PBXFileReference; lastKnownFileType = sourcecode.swift; path = AppCoordinator.swift; sourceTree = "<group>"; };
		2ABEC57F29A4B5EF0046CB38 /* ProfileVC.swift */ = {isa = PBXFileReference; lastKnownFileType = sourcecode.swift; path = ProfileVC.swift; sourceTree = "<group>"; };
		2ADBF9C729D56968005BD628 /* _FileService.swift */ = {isa = PBXFileReference; lastKnownFileType = sourcecode.swift; path = _FileService.swift; sourceTree = "<group>"; };
		2ADBF9C929D5D4A5005BD628 /* NewFileService.swift */ = {isa = PBXFileReference; lastKnownFileType = sourcecode.swift; path = NewFileService.swift; sourceTree = "<group>"; };
		2AE04CB029AC9DC000DBB90E /* Project.swift */ = {isa = PBXFileReference; lastKnownFileType = sourcecode.swift; path = Project.swift; sourceTree = "<group>"; };
		2AE04CB229AC9EDC00DBB90E /* ProfileCoordinator.swift */ = {isa = PBXFileReference; lastKnownFileType = sourcecode.swift; path = ProfileCoordinator.swift; sourceTree = "<group>"; };
		2AEB6DE929BA5FBB004D0A3D /* ThemeVC.swift */ = {isa = PBXFileReference; lastKnownFileType = sourcecode.swift; path = ThemeVC.swift; sourceTree = "<group>"; };
		2AEB6DEB29BA5FC6004D0A3D /* ThemePresenter.swift */ = {isa = PBXFileReference; lastKnownFileType = sourcecode.swift; path = ThemePresenter.swift; sourceTree = "<group>"; };
		2AEB6DF029BA60CF004D0A3D /* Presenter.swift */ = {isa = PBXFileReference; lastKnownFileType = sourcecode.swift; path = Presenter.swift; sourceTree = "<group>"; };
		2AEB6DF329BB9831004D0A3D /* TCThemeView.swift */ = {isa = PBXFileReference; lastKnownFileType = sourcecode.swift; path = TCThemeView.swift; sourceTree = "<group>"; };
		2AEC10DC29ACBE91000EF08D /* TCProfileImageView.swift */ = {isa = PBXFileReference; lastKnownFileType = sourcecode.swift; path = TCProfileImageView.swift; sourceTree = "<group>"; };
		2AEC10DE29ACCF8C000EF08D /* ConversationsListPresenter.swift */ = {isa = PBXFileReference; lastKnownFileType = sourcecode.swift; path = ConversationsListPresenter.swift; sourceTree = "<group>"; };
		2AEC10E129ACD94C000EF08D /* UILabel + Ex.swift */ = {isa = PBXFileReference; lastKnownFileType = sourcecode.swift; path = "UILabel + Ex.swift"; sourceTree = "<group>"; };
		2AEC10E329ACDFA6000EF08D /* UIButton + Ex.swift */ = {isa = PBXFileReference; lastKnownFileType = sourcecode.swift; path = "UIButton + Ex.swift"; sourceTree = "<group>"; };
		2AEC10E529ACE1C1000EF08D /* ProfilePresenter.swift */ = {isa = PBXFileReference; lastKnownFileType = sourcecode.swift; path = ProfilePresenter.swift; sourceTree = "<group>"; };
		2AEC10E929ACEAE9000EF08D /* TCImagePicker.swift */ = {isa = PBXFileReference; lastKnownFileType = sourcecode.swift; path = TCImagePicker.swift; sourceTree = "<group>"; };
/* End PBXFileReference section */

/* Begin PBXFrameworksBuildPhase section */
		2ABEC55B29A4A1C10046CB38 /* Frameworks */ = {
			isa = PBXFrameworksBuildPhase;
			buildActionMask = 2147483647;
			files = (
			);
			runOnlyForDeploymentPostprocessing = 0;
		};
/* End PBXFrameworksBuildPhase section */

/* Begin PBXGroup section */
		2AA6ACD829ADCC47002BB019 /* ProfileImageView */ = {
			isa = PBXGroup;
			children = (
				2AEC10DC29ACBE91000EF08D /* TCProfileImageView.swift */,
				2AA6ACD629ADCA0D002BB019 /* TCProfileImagePresenter.swift */,
			);
			path = ProfileImageView;
			sourceTree = "<group>";
		};
		2AA8523729C45FF80017BC9C /* Container */ = {
			isa = PBXGroup;
			children = (
				2AA8523829C460050017BC9C /* TCProfileEditor.swift */,
			);
			path = Container;
			sourceTree = "<group>";
		};
		2AA9B09C29B1E8FB00311B3F /* Service */ = {
			isa = PBXGroup;
			children = (
				2AA9B09D29B1E90500311B3F /* NetworkService.swift */,
				2A72FA4329C0BB33001172D4 /* PersistenceService.swift */,
				2A97B22129C97BED00F0FC95 /* FileService.swift */,
				2AA8523A29C4B3470017BC9C /* GCDService.swift */,
				2AA8523C29C4B3520017BC9C /* OperationService.swift */,
				2ADBF9C729D56968005BD628 /* _FileService.swift */,
				2ADBF9C929D5D4A5005BD628 /* NewFileService.swift */,
			);
			path = Service;
			sourceTree = "<group>";
		};
		2AA9B09F29B1ED0D00311B3F /* Model */ = {
			isa = PBXGroup;
			children = (
				2AA9B0B829B6067800311B3F /* Conversation.swift */,
				2AA9B0A029B1ED1800311B3F /* ConversationCellModel.swift */,
				2AA9B0C029B7383F00311B3F /* MessageCellModel.swift */,
				2AA9B0C229B741BF00311B3F /* User.swift */,
			);
			path = Model;
			sourceTree = "<group>";
		};
		2AA9B0A229B2040D00311B3F /* Cell */ = {
			isa = PBXGroup;
			children = (
				2AA9B0A329B2041C00311B3F /* ConversationTVCell.swift */,
				2AA9B0C829B7747C00311B3F /* MessageCVCell.swift */,
			);
			path = Cell;
			sourceTree = "<group>";
		};
		2AA9B0A529B2311900311B3F /* ImagePicker */ = {
			isa = PBXGroup;
			children = (
				2AEC10E929ACEAE9000EF08D /* TCImagePicker.swift */,
			);
			path = ImagePicker;
			sourceTree = "<group>";
		};
		2AA9B0A629B4A36800311B3F /* Header */ = {
			isa = PBXGroup;
			children = (
				2AA9B0A729B4A37800311B3F /* ConversationTVHeader.swift */,
				2AA9B0CA29B7BF5A00311B3F /* DateCVHeader.swift */,
			);
			path = Header;
			sourceTree = "<group>";
		};
		2AA9B0A929B4D73C00311B3F /* Conversation */ = {
			isa = PBXGroup;
			children = (
				2AA9B0AB29B4D75D00311B3F /* View */,
				2AA9B0AA29B4D75B00311B3F /* Presenter */,
			);
			path = Conversation;
			sourceTree = "<group>";
		};
		2AA9B0AA29B4D75B00311B3F /* Presenter */ = {
			isa = PBXGroup;
			children = (
				2AA9B0AE29B4DDA900311B3F /* ConversationPresenter.swift */,
			);
			path = Presenter;
			sourceTree = "<group>";
		};
		2AA9B0AB29B4D75D00311B3F /* View */ = {
			isa = PBXGroup;
			children = (
				2AA9B0AC29B4D76700311B3F /* ConversationVC.swift */,
			);
			path = View;
			sourceTree = "<group>";
		};
		2AA9B0B329B520F200311B3F /* Bar */ = {
			isa = PBXGroup;
			children = (
				2AA9B0B429B520FF00311B3F /* TCChatNavigationBar.swift */,
			);
			path = Bar;
			sourceTree = "<group>";
		};
		2AA9B0BA29B62A4200311B3F /* TextView */ = {
			isa = PBXGroup;
			children = (
				2AA9B0BB29B62A5200311B3F /* TCMessageTextView.swift */,
			);
			path = TextView;
			sourceTree = "<group>";
		};
		2AA9B0BD29B62D7800311B3F /* Button */ = {
			isa = PBXGroup;
			children = (
				2AA9B0BE29B62D8100311B3F /* TCSendButton.swift */,
				2AEB6DF329BB9831004D0A3D /* TCThemeView.swift */,
			);
			path = Button;
			sourceTree = "<group>";
		};
		2AB4C7FD29C3520C0067BAF5 /* Builder */ = {
			isa = PBXGroup;
			children = (
				2AB4C7FE29C352170067BAF5 /* UILabelBuilder.swift */,
			);
			path = Builder;
			sourceTree = "<group>";
		};
		2ABEC55529A4A1C10046CB38 = {
			isa = PBXGroup;
			children = (
				2ABEC56029A4A1C10046CB38 /* ChatApp */,
				2ABEC55F29A4A1C10046CB38 /* Products */,
			);
			sourceTree = "<group>";
		};
		2ABEC55F29A4A1C10046CB38 /* Products */ = {
			isa = PBXGroup;
			children = (
				2ABEC55E29A4A1C10046CB38 /* ChatApp.app */,
			);
			name = Products;
			sourceTree = "<group>";
		};
		2ABEC56029A4A1C10046CB38 /* ChatApp */ = {
			isa = PBXGroup;
			children = (
				2AA9B09F29B1ED0D00311B3F /* Model */,
				2AA9B09C29B1E8FB00311B3F /* Service */,
				2ABEC57829A4A2110046CB38 /* Coordinator */,
				2AE04CA829AC9AD400DBB90E /* Module */,
				2AEC10DB29ACBE77000EF08D /* ReusasbleView */,
				2ABEC57529A4A2020046CB38 /* Support */,
				2ABEC56F29A4A1C50046CB38 /* Info.plist */,
			);
			path = ChatApp;
			sourceTree = "<group>";
		};
		2ABEC57529A4A2020046CB38 /* Support */ = {
			isa = PBXGroup;
			children = (
				2AB4C7FD29C3520C0067BAF5 /* Builder */,
				2AEB6DEF29BA60C1004D0A3D /* Protocols */,
				2AEC10E029ACD943000EF08D /* Extension */,
				2ABEC57629A4A2060046CB38 /* Constants */,
				2ABEC56129A4A1C10046CB38 /* AppDelegate.swift */,
				2ABEC56A29A4A1C50046CB38 /* Assets.xcassets */,
				2ABEC56C29A4A1C50046CB38 /* LaunchScreen.storyboard */,
			);
			path = Support;
			sourceTree = "<group>";
		};
		2ABEC57629A4A2060046CB38 /* Constants */ = {
			isa = PBXGroup;
			children = (
				2AE04CB029AC9DC000DBB90E /* Project.swift */,
			);
			path = Constants;
			sourceTree = "<group>";
		};
		2ABEC57829A4A2110046CB38 /* Coordinator */ = {
			isa = PBXGroup;
			children = (
				2ABEC57929A4A27F0046CB38 /* Coordinator.swift */,
				2ABEC57B29A4A2A70046CB38 /* AppCoordinator.swift */,
				2AE04CB229AC9EDC00DBB90E /* ProfileCoordinator.swift */,
			);
			path = Coordinator;
			sourceTree = "<group>";
		};
		2AE04CA829AC9AD400DBB90E /* Module */ = {
			isa = PBXGroup;
			children = (
				2AE04CA929AC9AD700DBB90E /* ConversationsList */,
				2AE04CAA29AC9ADD00DBB90E /* Profile */,
				2AA9B0A929B4D73C00311B3F /* Conversation */,
				2AEB6DE629BA5FA0004D0A3D /* Settings */,
			);
			path = Module;
			sourceTree = "<group>";
		};
		2AE04CA929AC9AD700DBB90E /* ConversationsList */ = {
			isa = PBXGroup;
			children = (
				2AE04CAF29AC9B1400DBB90E /* View */,
				2AE04CAD29AC9B1000DBB90E /* Presenter */,
			);
			path = ConversationsList;
			sourceTree = "<group>";
		};
		2AE04CAA29AC9ADD00DBB90E /* Profile */ = {
			isa = PBXGroup;
			children = (
				2AE04CAC29AC9AE900DBB90E /* View */,
				2AE04CAB29AC9AE400DBB90E /* Presenter */,
			);
			path = Profile;
			sourceTree = "<group>";
		};
		2AE04CAB29AC9AE400DBB90E /* Presenter */ = {
			isa = PBXGroup;
			children = (
				2AEC10E529ACE1C1000EF08D /* ProfilePresenter.swift */,
			);
			path = Presenter;
			sourceTree = "<group>";
		};
		2AE04CAC29AC9AE900DBB90E /* View */ = {
			isa = PBXGroup;
			children = (
				2ABEC57F29A4B5EF0046CB38 /* ProfileVC.swift */,
			);
			path = View;
			sourceTree = "<group>";
		};
		2AE04CAD29AC9B1000DBB90E /* Presenter */ = {
			isa = PBXGroup;
			children = (
				2AEC10DE29ACCF8C000EF08D /* ConversationsListPresenter.swift */,
			);
			path = Presenter;
			sourceTree = "<group>";
		};
		2AE04CAF29AC9B1400DBB90E /* View */ = {
			isa = PBXGroup;
			children = (
				2ABEC56529A4A1C10046CB38 /* ConversationsListVC.swift */,
			);
			path = View;
			sourceTree = "<group>";
		};
		2AEB6DE629BA5FA0004D0A3D /* Settings */ = {
			isa = PBXGroup;
			children = (
				2AEB6DE729BA5FAA004D0A3D /* View */,
				2AEB6DE829BA5FAD004D0A3D /* Presenter */,
			);
			path = Settings;
			sourceTree = "<group>";
		};
		2AEB6DE729BA5FAA004D0A3D /* View */ = {
			isa = PBXGroup;
			children = (
				2AEB6DE929BA5FBB004D0A3D /* ThemeVC.swift */,
			);
			path = View;
			sourceTree = "<group>";
		};
		2AEB6DE829BA5FAD004D0A3D /* Presenter */ = {
			isa = PBXGroup;
			children = (
				2AEB6DEB29BA5FC6004D0A3D /* ThemePresenter.swift */,
			);
			path = Presenter;
			sourceTree = "<group>";
		};
		2AEB6DEF29BA60C1004D0A3D /* Protocols */ = {
			isa = PBXGroup;
			children = (
				2AEB6DF029BA60CF004D0A3D /* Presenter.swift */,
			);
			path = Protocols;
			sourceTree = "<group>";
		};
		2AEC10DB29ACBE77000EF08D /* ReusasbleView */ = {
			isa = PBXGroup;
			children = (
				2AA8523729C45FF80017BC9C /* Container */,
				2AA9B0BD29B62D7800311B3F /* Button */,
				2AA9B0BA29B62A4200311B3F /* TextView */,
				2AA9B0B329B520F200311B3F /* Bar */,
				2AA9B0A629B4A36800311B3F /* Header */,
				2AA9B0A229B2040D00311B3F /* Cell */,
				2AEC10E729ACEA21000EF08D /* Image */,
			);
			path = ReusasbleView;
			sourceTree = "<group>";
		};
		2AEC10E029ACD943000EF08D /* Extension */ = {
			isa = PBXGroup;
			children = (
				2AEC10E129ACD94C000EF08D /* UILabel + Ex.swift */,
				2AEC10E329ACDFA6000EF08D /* UIButton + Ex.swift */,
				2AA6ACD429ADC609002BB019 /* CALayer + Ex.swift */,
				2AA9B0B629B5D65500311B3F /* Reusable.swift */,
				2AA9B0C429B75DCB00311B3F /* Date + Ex.swift */,
				2AA9B0C629B75F1E00311B3F /* String + Ex.swift */,
			);
			path = Extension;
			sourceTree = "<group>";
		};
		2AEC10E729ACEA21000EF08D /* Image */ = {
			isa = PBXGroup;
			children = (
				2AA9B0A529B2311900311B3F /* ImagePicker */,
				2AA6ACD829ADCC47002BB019 /* ProfileImageView */,
			);
			path = Image;
			sourceTree = "<group>";
		};
/* End PBXGroup section */

/* Begin PBXNativeTarget section */
		2ABEC55D29A4A1C10046CB38 /* ChatApp */ = {
			isa = PBXNativeTarget;
			buildConfigurationList = 2ABEC57229A4A1C50046CB38 /* Build configuration list for PBXNativeTarget "ChatApp" */;
			buildPhases = (
				2ABEC55A29A4A1C10046CB38 /* Sources */,
				2ABEC55B29A4A1C10046CB38 /* Frameworks */,
				2ABEC55C29A4A1C10046CB38 /* Resources */,
			);
			buildRules = (
			);
			dependencies = (
			);
			name = ChatApp;
			productName = ChatApp;
			productReference = 2ABEC55E29A4A1C10046CB38 /* ChatApp.app */;
			productType = "com.apple.product-type.application";
		};
/* End PBXNativeTarget section */

/* Begin PBXProject section */
		2ABEC55629A4A1C10046CB38 /* Project object */ = {
			isa = PBXProject;
			attributes = {
				BuildIndependentTargetsInParallel = 1;
				LastSwiftUpdateCheck = 1420;
				LastUpgradeCheck = 1420;
				TargetAttributes = {
					2ABEC55D29A4A1C10046CB38 = {
						CreatedOnToolsVersion = 14.2;
					};
				};
			};
			buildConfigurationList = 2ABEC55929A4A1C10046CB38 /* Build configuration list for PBXProject "ChatApp" */;
			compatibilityVersion = "Xcode 14.0";
			developmentRegion = en;
			hasScannedForEncodings = 0;
			knownRegions = (
				en,
				Base,
			);
			mainGroup = 2ABEC55529A4A1C10046CB38;
			productRefGroup = 2ABEC55F29A4A1C10046CB38 /* Products */;
			projectDirPath = "";
			projectRoot = "";
			targets = (
				2ABEC55D29A4A1C10046CB38 /* ChatApp */,
			);
		};
/* End PBXProject section */

/* Begin PBXResourcesBuildPhase section */
		2ABEC55C29A4A1C10046CB38 /* Resources */ = {
			isa = PBXResourcesBuildPhase;
			buildActionMask = 2147483647;
			files = (
				2ABEC56E29A4A1C50046CB38 /* LaunchScreen.storyboard in Resources */,
				2ABEC56B29A4A1C50046CB38 /* Assets.xcassets in Resources */,
			);
			runOnlyForDeploymentPostprocessing = 0;
		};
/* End PBXResourcesBuildPhase section */

/* Begin PBXSourcesBuildPhase section */
		2ABEC55A29A4A1C10046CB38 /* Sources */ = {
			isa = PBXSourcesBuildPhase;
			buildActionMask = 2147483647;
			files = (
				2AA9B0A429B2041C00311B3F /* ConversationTVCell.swift in Sources */,
				2AA8523D29C4B3520017BC9C /* OperationService.swift in Sources */,
				2ADBF9CA29D5D4A5005BD628 /* NewFileService.swift in Sources */,
				2ABEC57C29A4A2A70046CB38 /* AppCoordinator.swift in Sources */,
				2AA9B0C329B741BF00311B3F /* User.swift in Sources */,
				2ABEC56629A4A1C10046CB38 /* ConversationsListVC.swift in Sources */,
				2AA9B0C529B75DCB00311B3F /* Date + Ex.swift in Sources */,
				2ADBF9C829D56968005BD628 /* _FileService.swift in Sources */,
				2AA9B0B929B6067800311B3F /* Conversation.swift in Sources */,
				2AEB6DEC29BA5FC6004D0A3D /* ThemePresenter.swift in Sources */,
				2AA9B0AF29B4DDA900311B3F /* ConversationPresenter.swift in Sources */,
				2AA9B0B729B5D65500311B3F /* Reusable.swift in Sources */,
				2ABEC56229A4A1C10046CB38 /* AppDelegate.swift in Sources */,
				2AEC10DF29ACCF8C000EF08D /* ConversationsListPresenter.swift in Sources */,
				2AA8523929C460050017BC9C /* TCProfileEditor.swift in Sources */,
				2AA9B0C129B7383F00311B3F /* MessageCellModel.swift in Sources */,
				2AA9B0C729B75F1E00311B3F /* String + Ex.swift in Sources */,
				2AEB6DEA29BA5FBB004D0A3D /* ThemeVC.swift in Sources */,
				2AA9B09E29B1E90500311B3F /* NetworkService.swift in Sources */,
				2AEB6DF429BB9831004D0A3D /* TCThemeView.swift in Sources */,
				2AA9B0C929B7747C00311B3F /* MessageCVCell.swift in Sources */,
				2AA8523B29C4B3470017BC9C /* GCDService.swift in Sources */,
				2AA9B0AD29B4D76700311B3F /* ConversationVC.swift in Sources */,
				2AA9B0B529B520FF00311B3F /* TCChatNavigationBar.swift in Sources */,
				2ABEC57A29A4A27F0046CB38 /* Coordinator.swift in Sources */,
				2AB4C7FF29C352170067BAF5 /* UILabelBuilder.swift in Sources */,
				2AEB6DF129BA60CF004D0A3D /* Presenter.swift in Sources */,
				2AA6ACD529ADC609002BB019 /* CALayer + Ex.swift in Sources */,
				2AA9B0BC29B62A5200311B3F /* TCMessageTextView.swift in Sources */,
				2A72FA4429C0BB33001172D4 /* PersistenceService.swift in Sources */,
				2AEC10EA29ACEAE9000EF08D /* TCImagePicker.swift in Sources */,
				2A97B22229C97BED00F0FC95 /* FileService.swift in Sources */,
				2AA6ACD729ADCA0D002BB019 /* TCProfileImagePresenter.swift in Sources */,
				2AEC10E429ACDFA6000EF08D /* UIButton + Ex.swift in Sources */,
				2ABEC58029A4B5EF0046CB38 /* ProfileVC.swift in Sources */,
				2AE04CB329AC9EDC00DBB90E /* ProfileCoordinator.swift in Sources */,
				2AA9B0A129B1ED1800311B3F /* ConversationCellModel.swift in Sources */,
				2AA9B0BF29B62D8100311B3F /* TCSendButton.swift in Sources */,
				2AEC10E629ACE1C1000EF08D /* ProfilePresenter.swift in Sources */,
				2AE04CB129AC9DC000DBB90E /* Project.swift in Sources */,
				2AA9B0A829B4A37800311B3F /* ConversationTVHeader.swift in Sources */,
				2AEC10E229ACD94C000EF08D /* UILabel + Ex.swift in Sources */,
				2AEC10DD29ACBE91000EF08D /* TCProfileImageView.swift in Sources */,
				2AA9B0CB29B7BF5A00311B3F /* DateCVHeader.swift in Sources */,
			);
			runOnlyForDeploymentPostprocessing = 0;
		};
/* End PBXSourcesBuildPhase section */

/* Begin PBXVariantGroup section */
		2ABEC56C29A4A1C50046CB38 /* LaunchScreen.storyboard */ = {
			isa = PBXVariantGroup;
			children = (
				2ABEC56D29A4A1C50046CB38 /* Base */,
			);
			name = LaunchScreen.storyboard;
			sourceTree = "<group>";
		};
/* End PBXVariantGroup section */

/* Begin XCBuildConfiguration section */
		2ABEC57029A4A1C50046CB38 /* Debug */ = {
			isa = XCBuildConfiguration;
			buildSettings = {
				ALWAYS_SEARCH_USER_PATHS = NO;
				CLANG_ANALYZER_NONNULL = YES;
				CLANG_ANALYZER_NUMBER_OBJECT_CONVERSION = YES_AGGRESSIVE;
				CLANG_CXX_LANGUAGE_STANDARD = "gnu++20";
				CLANG_ENABLE_MODULES = YES;
				CLANG_ENABLE_OBJC_ARC = YES;
				CLANG_ENABLE_OBJC_WEAK = YES;
				CLANG_WARN_BLOCK_CAPTURE_AUTORELEASING = YES;
				CLANG_WARN_BOOL_CONVERSION = YES;
				CLANG_WARN_COMMA = YES;
				CLANG_WARN_CONSTANT_CONVERSION = YES;
				CLANG_WARN_DEPRECATED_OBJC_IMPLEMENTATIONS = YES;
				CLANG_WARN_DIRECT_OBJC_ISA_USAGE = YES_ERROR;
				CLANG_WARN_DOCUMENTATION_COMMENTS = YES;
				CLANG_WARN_EMPTY_BODY = YES;
				CLANG_WARN_ENUM_CONVERSION = YES;
				CLANG_WARN_INFINITE_RECURSION = YES;
				CLANG_WARN_INT_CONVERSION = YES;
				CLANG_WARN_NON_LITERAL_NULL_CONVERSION = YES;
				CLANG_WARN_OBJC_IMPLICIT_RETAIN_SELF = YES;
				CLANG_WARN_OBJC_LITERAL_CONVERSION = YES;
				CLANG_WARN_OBJC_ROOT_CLASS = YES_ERROR;
				CLANG_WARN_QUOTED_INCLUDE_IN_FRAMEWORK_HEADER = YES;
				CLANG_WARN_RANGE_LOOP_ANALYSIS = YES;
				CLANG_WARN_STRICT_PROTOTYPES = YES;
				CLANG_WARN_SUSPICIOUS_MOVE = YES;
				CLANG_WARN_UNGUARDED_AVAILABILITY = YES_AGGRESSIVE;
				CLANG_WARN_UNREACHABLE_CODE = YES;
				CLANG_WARN__DUPLICATE_METHOD_MATCH = YES;
				COPY_PHASE_STRIP = NO;
				DEBUG_INFORMATION_FORMAT = dwarf;
				ENABLE_STRICT_OBJC_MSGSEND = YES;
				ENABLE_TESTABILITY = YES;
				GCC_C_LANGUAGE_STANDARD = gnu11;
				GCC_DYNAMIC_NO_PIC = NO;
				GCC_NO_COMMON_BLOCKS = YES;
				GCC_OPTIMIZATION_LEVEL = 0;
				GCC_PREPROCESSOR_DEFINITIONS = (
					"DEBUG=1",
					"$(inherited)",
				);
				GCC_WARN_64_TO_32_BIT_CONVERSION = YES;
				GCC_WARN_ABOUT_RETURN_TYPE = YES_ERROR;
				GCC_WARN_UNDECLARED_SELECTOR = YES;
				GCC_WARN_UNINITIALIZED_AUTOS = YES_AGGRESSIVE;
				GCC_WARN_UNUSED_FUNCTION = YES;
				GCC_WARN_UNUSED_VARIABLE = YES;
				IPHONEOS_DEPLOYMENT_TARGET = 16.2;
				MTL_ENABLE_DEBUG_INFO = INCLUDE_SOURCE;
				MTL_FAST_MATH = YES;
				ONLY_ACTIVE_ARCH = YES;
				SDKROOT = iphoneos;
				SWIFT_ACTIVE_COMPILATION_CONDITIONS = DEBUG;
				SWIFT_OPTIMIZATION_LEVEL = "-Onone";
			};
			name = Debug;
		};
		2ABEC57129A4A1C50046CB38 /* Release */ = {
			isa = XCBuildConfiguration;
			buildSettings = {
				ALWAYS_SEARCH_USER_PATHS = NO;
				CLANG_ANALYZER_NONNULL = YES;
				CLANG_ANALYZER_NUMBER_OBJECT_CONVERSION = YES_AGGRESSIVE;
				CLANG_CXX_LANGUAGE_STANDARD = "gnu++20";
				CLANG_ENABLE_MODULES = YES;
				CLANG_ENABLE_OBJC_ARC = YES;
				CLANG_ENABLE_OBJC_WEAK = YES;
				CLANG_WARN_BLOCK_CAPTURE_AUTORELEASING = YES;
				CLANG_WARN_BOOL_CONVERSION = YES;
				CLANG_WARN_COMMA = YES;
				CLANG_WARN_CONSTANT_CONVERSION = YES;
				CLANG_WARN_DEPRECATED_OBJC_IMPLEMENTATIONS = YES;
				CLANG_WARN_DIRECT_OBJC_ISA_USAGE = YES_ERROR;
				CLANG_WARN_DOCUMENTATION_COMMENTS = YES;
				CLANG_WARN_EMPTY_BODY = YES;
				CLANG_WARN_ENUM_CONVERSION = YES;
				CLANG_WARN_INFINITE_RECURSION = YES;
				CLANG_WARN_INT_CONVERSION = YES;
				CLANG_WARN_NON_LITERAL_NULL_CONVERSION = YES;
				CLANG_WARN_OBJC_IMPLICIT_RETAIN_SELF = YES;
				CLANG_WARN_OBJC_LITERAL_CONVERSION = YES;
				CLANG_WARN_OBJC_ROOT_CLASS = YES_ERROR;
				CLANG_WARN_QUOTED_INCLUDE_IN_FRAMEWORK_HEADER = YES;
				CLANG_WARN_RANGE_LOOP_ANALYSIS = YES;
				CLANG_WARN_STRICT_PROTOTYPES = YES;
				CLANG_WARN_SUSPICIOUS_MOVE = YES;
				CLANG_WARN_UNGUARDED_AVAILABILITY = YES_AGGRESSIVE;
				CLANG_WARN_UNREACHABLE_CODE = YES;
				CLANG_WARN__DUPLICATE_METHOD_MATCH = YES;
				COPY_PHASE_STRIP = NO;
				DEBUG_INFORMATION_FORMAT = "dwarf-with-dsym";
				ENABLE_NS_ASSERTIONS = NO;
				ENABLE_STRICT_OBJC_MSGSEND = YES;
				GCC_C_LANGUAGE_STANDARD = gnu11;
				GCC_NO_COMMON_BLOCKS = YES;
				GCC_WARN_64_TO_32_BIT_CONVERSION = YES;
				GCC_WARN_ABOUT_RETURN_TYPE = YES_ERROR;
				GCC_WARN_UNDECLARED_SELECTOR = YES;
				GCC_WARN_UNINITIALIZED_AUTOS = YES_AGGRESSIVE;
				GCC_WARN_UNUSED_FUNCTION = YES;
				GCC_WARN_UNUSED_VARIABLE = YES;
				IPHONEOS_DEPLOYMENT_TARGET = 16.2;
				MTL_ENABLE_DEBUG_INFO = NO;
				MTL_FAST_MATH = YES;
				SDKROOT = iphoneos;
				SWIFT_COMPILATION_MODE = wholemodule;
				SWIFT_OPTIMIZATION_LEVEL = "-O";
				VALIDATE_PRODUCT = YES;
			};
			name = Release;
		};
		2ABEC57329A4A1C50046CB38 /* Debug */ = {
			isa = XCBuildConfiguration;
			buildSettings = {
				ASSETCATALOG_COMPILER_APPICON_NAME = AppIcon;
				ASSETCATALOG_COMPILER_GLOBAL_ACCENT_COLOR_NAME = AccentColor;
				CODE_SIGN_STYLE = Automatic;
				CURRENT_PROJECT_VERSION = 1;
				DEVELOPMENT_TEAM = T9GV6HD4BD;
				GENERATE_INFOPLIST_FILE = YES;
				INFOPLIST_FILE = ChatApp/Info.plist;
				INFOPLIST_KEY_NSCameraUsageDescription = "This app wants to take pictures.";
				INFOPLIST_KEY_NSPhotoLibraryUsageDescription = "This app wants to use your photos.";
				INFOPLIST_KEY_UIApplicationSupportsIndirectInputEvents = YES;
				INFOPLIST_KEY_UILaunchStoryboardName = LaunchScreen;
				INFOPLIST_KEY_UISupportedInterfaceOrientations = UIInterfaceOrientationPortrait;
				INFOPLIST_KEY_UIUserInterfaceStyle = Light;
				IPHONEOS_DEPLOYMENT_TARGET = 14.0;
				LD_RUNPATH_SEARCH_PATHS = (
					"$(inherited)",
					"@executable_path/Frameworks",
				);
				MARKETING_VERSION = 1.0;
				PRODUCT_BUNDLE_IDENTIFIER = com.ivanpuzan0v.ChatApp;
				PRODUCT_NAME = "$(TARGET_NAME)";
				SUPPORTED_PLATFORMS = "iphoneos iphonesimulator";
				SUPPORTS_MACCATALYST = NO;
				SUPPORTS_MAC_DESIGNED_FOR_IPHONE_IPAD = NO;
				SWIFT_EMIT_LOC_STRINGS = YES;
				SWIFT_VERSION = 5.0;
				TARGETED_DEVICE_FAMILY = 1;
			};
			name = Debug;
		};
		2ABEC57429A4A1C50046CB38 /* Release */ = {
			isa = XCBuildConfiguration;
			buildSettings = {
				ASSETCATALOG_COMPILER_APPICON_NAME = AppIcon;
				ASSETCATALOG_COMPILER_GLOBAL_ACCENT_COLOR_NAME = AccentColor;
				CODE_SIGN_STYLE = Automatic;
				CURRENT_PROJECT_VERSION = 1;
				DEVELOPMENT_TEAM = T9GV6HD4BD;
				GENERATE_INFOPLIST_FILE = YES;
				INFOPLIST_FILE = ChatApp/Info.plist;
				INFOPLIST_KEY_NSCameraUsageDescription = "This app wants to take pictures.";
				INFOPLIST_KEY_NSPhotoLibraryUsageDescription = "This app wants to use your photos.";
				INFOPLIST_KEY_UIApplicationSupportsIndirectInputEvents = YES;
				INFOPLIST_KEY_UILaunchStoryboardName = LaunchScreen;
				INFOPLIST_KEY_UISupportedInterfaceOrientations = UIInterfaceOrientationPortrait;
				INFOPLIST_KEY_UIUserInterfaceStyle = Light;
				IPHONEOS_DEPLOYMENT_TARGET = 14.0;
				LD_RUNPATH_SEARCH_PATHS = (
					"$(inherited)",
					"@executable_path/Frameworks",
				);
				MARKETING_VERSION = 1.0;
				PRODUCT_BUNDLE_IDENTIFIER = com.ivanpuzan0v.ChatApp;
				PRODUCT_NAME = "$(TARGET_NAME)";
				SUPPORTED_PLATFORMS = "iphoneos iphonesimulator";
				SUPPORTS_MACCATALYST = NO;
				SUPPORTS_MAC_DESIGNED_FOR_IPHONE_IPAD = NO;
				SWIFT_ACTIVE_COMPILATION_CONDITIONS = RELEASE;
				SWIFT_EMIT_LOC_STRINGS = YES;
				SWIFT_VERSION = 5.0;
				TARGETED_DEVICE_FAMILY = 1;
			};
			name = Release;
		};
		2AE1897B29A548CC00296F31 /* Development */ = {
			isa = XCBuildConfiguration;
			buildSettings = {
				ALWAYS_SEARCH_USER_PATHS = NO;
				CLANG_ANALYZER_NONNULL = YES;
				CLANG_ANALYZER_NUMBER_OBJECT_CONVERSION = YES_AGGRESSIVE;
				CLANG_CXX_LANGUAGE_STANDARD = "gnu++20";
				CLANG_ENABLE_MODULES = YES;
				CLANG_ENABLE_OBJC_ARC = YES;
				CLANG_ENABLE_OBJC_WEAK = YES;
				CLANG_WARN_BLOCK_CAPTURE_AUTORELEASING = YES;
				CLANG_WARN_BOOL_CONVERSION = YES;
				CLANG_WARN_COMMA = YES;
				CLANG_WARN_CONSTANT_CONVERSION = YES;
				CLANG_WARN_DEPRECATED_OBJC_IMPLEMENTATIONS = YES;
				CLANG_WARN_DIRECT_OBJC_ISA_USAGE = YES_ERROR;
				CLANG_WARN_DOCUMENTATION_COMMENTS = YES;
				CLANG_WARN_EMPTY_BODY = YES;
				CLANG_WARN_ENUM_CONVERSION = YES;
				CLANG_WARN_INFINITE_RECURSION = YES;
				CLANG_WARN_INT_CONVERSION = YES;
				CLANG_WARN_NON_LITERAL_NULL_CONVERSION = YES;
				CLANG_WARN_OBJC_IMPLICIT_RETAIN_SELF = YES;
				CLANG_WARN_OBJC_LITERAL_CONVERSION = YES;
				CLANG_WARN_OBJC_ROOT_CLASS = YES_ERROR;
				CLANG_WARN_QUOTED_INCLUDE_IN_FRAMEWORK_HEADER = YES;
				CLANG_WARN_RANGE_LOOP_ANALYSIS = YES;
				CLANG_WARN_STRICT_PROTOTYPES = YES;
				CLANG_WARN_SUSPICIOUS_MOVE = YES;
				CLANG_WARN_UNGUARDED_AVAILABILITY = YES_AGGRESSIVE;
				CLANG_WARN_UNREACHABLE_CODE = YES;
				CLANG_WARN__DUPLICATE_METHOD_MATCH = YES;
				COPY_PHASE_STRIP = NO;
				DEBUG_INFORMATION_FORMAT = dwarf;
				ENABLE_STRICT_OBJC_MSGSEND = YES;
				ENABLE_TESTABILITY = YES;
				GCC_C_LANGUAGE_STANDARD = gnu11;
				GCC_DYNAMIC_NO_PIC = NO;
				GCC_NO_COMMON_BLOCKS = YES;
				GCC_OPTIMIZATION_LEVEL = 0;
				GCC_PREPROCESSOR_DEFINITIONS = (
					"DEBUG=1",
					"$(inherited)",
				);
				GCC_WARN_64_TO_32_BIT_CONVERSION = YES;
				GCC_WARN_ABOUT_RETURN_TYPE = YES_ERROR;
				GCC_WARN_UNDECLARED_SELECTOR = YES;
				GCC_WARN_UNINITIALIZED_AUTOS = YES_AGGRESSIVE;
				GCC_WARN_UNUSED_FUNCTION = YES;
				GCC_WARN_UNUSED_VARIABLE = YES;
				IPHONEOS_DEPLOYMENT_TARGET = 16.2;
				MTL_ENABLE_DEBUG_INFO = INCLUDE_SOURCE;
				MTL_FAST_MATH = YES;
				ONLY_ACTIVE_ARCH = YES;
				SDKROOT = iphoneos;
				SWIFT_ACTIVE_COMPILATION_CONDITIONS = DEBUG;
				SWIFT_OPTIMIZATION_LEVEL = "-Onone";
			};
			name = Development;
		};
		2AE1897C29A548CC00296F31 /* Development */ = {
			isa = XCBuildConfiguration;
			buildSettings = {
				ASSETCATALOG_COMPILER_APPICON_NAME = AppIcon;
				ASSETCATALOG_COMPILER_GLOBAL_ACCENT_COLOR_NAME = AccentColor;
				CODE_SIGN_STYLE = Automatic;
				CURRENT_PROJECT_VERSION = 1;
				DEVELOPMENT_TEAM = T9GV6HD4BD;
				GENERATE_INFOPLIST_FILE = YES;
				INFOPLIST_FILE = ChatApp/Info.plist;
				INFOPLIST_KEY_NSCameraUsageDescription = "This app wants to take pictures.";
				INFOPLIST_KEY_NSPhotoLibraryUsageDescription = "This app wants to use your photos.";
				INFOPLIST_KEY_UIApplicationSupportsIndirectInputEvents = YES;
				INFOPLIST_KEY_UILaunchStoryboardName = LaunchScreen;
				INFOPLIST_KEY_UISupportedInterfaceOrientations = UIInterfaceOrientationPortrait;
				INFOPLIST_KEY_UIUserInterfaceStyle = Light;
				IPHONEOS_DEPLOYMENT_TARGET = 14.0;
				LD_RUNPATH_SEARCH_PATHS = (
					"$(inherited)",
					"@executable_path/Frameworks",
				);
				MARKETING_VERSION = 1.0;
				PRODUCT_BUNDLE_IDENTIFIER = com.ivanpuzan0v.ChatApp;
				PRODUCT_NAME = "$(TARGET_NAME)";
				SUPPORTED_PLATFORMS = "iphoneos iphonesimulator";
				SUPPORTS_MACCATALYST = NO;
				SUPPORTS_MAC_DESIGNED_FOR_IPHONE_IPAD = NO;
				SWIFT_ACTIVE_COMPILATION_CONDITIONS = "DEBUG(NO_LOG)";
				SWIFT_EMIT_LOC_STRINGS = YES;
				SWIFT_VERSION = 5.0;
				TARGETED_DEVICE_FAMILY = 1;
			};
			name = Development;
		};
/* End XCBuildConfiguration section */

/* Begin XCConfigurationList section */
		2ABEC55929A4A1C10046CB38 /* Build configuration list for PBXProject "ChatApp" */ = {
			isa = XCConfigurationList;
			buildConfigurations = (
				2ABEC57029A4A1C50046CB38 /* Debug */,
				2AE1897B29A548CC00296F31 /* Development */,
				2ABEC57129A4A1C50046CB38 /* Release */,
			);
			defaultConfigurationIsVisible = 0;
			defaultConfigurationName = Release;
		};
		2ABEC57229A4A1C50046CB38 /* Build configuration list for PBXNativeTarget "ChatApp" */ = {
			isa = XCConfigurationList;
			buildConfigurations = (
				2ABEC57329A4A1C50046CB38 /* Debug */,
				2AE1897C29A548CC00296F31 /* Development */,
				2ABEC57429A4A1C50046CB38 /* Release */,
			);
			defaultConfigurationIsVisible = 0;
			defaultConfigurationName = Release;
		};
/* End XCConfigurationList section */
	};
	rootObject = 2ABEC55629A4A1C10046CB38 /* Project object */;
}
